
Microsoft Visual Studio Solution File, Format Version 12.00
# Visual Studio Version 17
VisualStudioVersion = 17.10.35013.160
MinimumVisualStudioVersion = 10.0.40219.1
Project("{FAE04EC0-301F-11D3-BF4B-00C04F79EFBC}") = "ChanRay ERP System(Beauty)", "ChanRay ERP System(Beauty).csproj", "{8FC88851-251B-437B-9F96-2D61F862DDBC}"
EndProject
Global
	GlobalSection(SolutionConfigurationPlatforms) = preSolution
		Debug|Any CPU = Debug|Any CPU
		Release|Any CPU = Release|Any CPU
	EndGlobalSection
	GlobalSection(ProjectConfigurationPlatforms) = postSolution
		{8FC88851-251B-437B-9F96-2D61F862DDBC}.Debug|Any CPU.ActiveCfg = Debug|Any CPU
		{8FC88851-251B-437B-9F96-2D61F862DDBC}.Debug|Any CPU.Build.0 = Debug|Any CPU
		{8FC88851-251B-437B-9F96-2D61F862DDBC}.Release|Any CPU.ActiveCfg = Release|Any CPU
		{8FC88851-251B-437B-9F96-2D61F862DDBC}.Release|Any CPU.Build.0 = Release|Any CPU
	EndGlobalSection
	GlobalSection(SolutionProperties) = preSolution
		HideSolutionNode = FALSE
	EndGlobalSection
	GlobalSection(ExtensibilityGlobals) = postSolution
		SolutionGuid = {FCE654D6-732E-4EFF-BD8C-9FDEA01DB68E}
	EndGlobalSection
EndGlobal
